// !$*UTF8*$!
{
	archiveVersion = 1;
	classes = {
	};
	objectVersion = 56;
	objects = {

/* Begin PBXBuildFile section */
		176BF0DD2C9CFBC200DE2EDB /* PhotatoApp.swift in Sources */ = {isa = PBXBuildFile; fileRef = 176BF0DC2C9CFBC200DE2EDB /* PhotatoApp.swift */; };
		176BF0DF2C9CFBC200DE2EDB /* FirstView.swift in Sources */ = {isa = PBXBuildFile; fileRef = 176BF0DE2C9CFBC200DE2EDB /* FirstView.swift */; };
		176BF0E12C9CFBC300DE2EDB /* Assets.xcassets in Resources */ = {isa = PBXBuildFile; fileRef = 176BF0E02C9CFBC300DE2EDB /* Assets.xcassets */; };
		176BF0E42C9CFBC300DE2EDB /* Preview Assets.xcassets in Resources */ = {isa = PBXBuildFile; fileRef = 176BF0E32C9CFBC300DE2EDB /* Preview Assets.xcassets */; };
		17A4398A2C9EB9AF00B071CA /* MainButton.swift in Sources */ = {isa = PBXBuildFile; fileRef = 17A439892C9EB9AF00B071CA /* MainButton.swift */; };
		17A4398F2C9EC0A400B071CA /* LoginModel.swift in Sources */ = {isa = PBXBuildFile; fileRef = 17A4398E2C9EC0A400B071CA /* LoginModel.swift */; };
		17A439912C9EC0B900B071CA /* LoginModelView.swift in Sources */ = {isa = PBXBuildFile; fileRef = 17A439902C9EC0B900B071CA /* LoginModelView.swift */; };
		17A439932C9EC0CD00B071CA /* LoginView.swift in Sources */ = {isa = PBXBuildFile; fileRef = 17A439922C9EC0CD00B071CA /* LoginView.swift */; };
		17A439AF2C9EE61900B071CA /* Pretendard-Black.ttf in Resources */ = {isa = PBXBuildFile; fileRef = 17A439A62C9EE61900B071CA /* Pretendard-Black.ttf */; };
		17A439B02C9EE61900B071CA /* Pretendard-Medium.ttf in Resources */ = {isa = PBXBuildFile; fileRef = 17A439A72C9EE61900B071CA /* Pretendard-Medium.ttf */; };
		17A439B12C9EE61900B071CA /* Pretendard-SemiBold.ttf in Resources */ = {isa = PBXBuildFile; fileRef = 17A439A82C9EE61900B071CA /* Pretendard-SemiBold.ttf */; };
		17A439B22C9EE61900B071CA /* Pretendard-Light.ttf in Resources */ = {isa = PBXBuildFile; fileRef = 17A439A92C9EE61900B071CA /* Pretendard-Light.ttf */; };
		17A439B32C9EE61900B071CA /* Pretendard-ExtraBold.ttf in Resources */ = {isa = PBXBuildFile; fileRef = 17A439AA2C9EE61900B071CA /* Pretendard-ExtraBold.ttf */; };
		17A439B42C9EE61900B071CA /* Pretendard-ExtraLight.ttf in Resources */ = {isa = PBXBuildFile; fileRef = 17A439AB2C9EE61900B071CA /* Pretendard-ExtraLight.ttf */; };
		17A439B52C9EE61900B071CA /* Pretendard-Bold.ttf in Resources */ = {isa = PBXBuildFile; fileRef = 17A439AC2C9EE61900B071CA /* Pretendard-Bold.ttf */; };
		17A439B62C9EE61900B071CA /* Pretendard-Regular.ttf in Resources */ = {isa = PBXBuildFile; fileRef = 17A439AD2C9EE61900B071CA /* Pretendard-Regular.ttf */; };
		17A439B72C9EE61900B071CA /* Pretendard-Thin.ttf in Resources */ = {isa = PBXBuildFile; fileRef = 17A439AE2C9EE61900B071CA /* Pretendard-Thin.ttf */; };
		17A439B92C9EE8F300B071CA /* CustomTextField.swift in Sources */ = {isa = PBXBuildFile; fileRef = 17A439B82C9EE8F300B071CA /* CustomTextField.swift */; };
		17A439BC2C9EF9BC00B071CA /* SignupModel.swift in Sources */ = {isa = PBXBuildFile; fileRef = 17A439BB2C9EF9BC00B071CA /* SignupModel.swift */; };
		17A439BE2C9EF9D100B071CA /* SignupModelView.swift in Sources */ = {isa = PBXBuildFile; fileRef = 17A439BD2C9EF9D100B071CA /* SignupModelView.swift */; };
		17A439C02C9EF9E500B071CA /* SignupView.swift in Sources */ = {isa = PBXBuildFile; fileRef = 17A439BF2C9EF9E500B071CA /* SignupView.swift */; };
		17BCDC082CA1B35400B761A9 /* BackButton.swift in Sources */ = {isa = PBXBuildFile; fileRef = 17BCDC072CA1B35400B761A9 /* BackButton.swift */; };
/* End PBXBuildFile section */

/* Begin PBXFileReference section */
		176BF0D92C9CFBC200DE2EDB /* Photato.app */ = {isa = PBXFileReference; explicitFileType = wrapper.application; includeInIndex = 0; path = Photato.app; sourceTree = BUILT_PRODUCTS_DIR; };
		176BF0DC2C9CFBC200DE2EDB /* PhotatoApp.swift */ = {isa = PBXFileReference; lastKnownFileType = sourcecode.swift; path = PhotatoApp.swift; sourceTree = "<group>"; };
		176BF0DE2C9CFBC200DE2EDB /* FirstView.swift */ = {isa = PBXFileReference; lastKnownFileType = sourcecode.swift; path = FirstView.swift; sourceTree = "<group>"; };
		176BF0E02C9CFBC300DE2EDB /* Assets.xcassets */ = {isa = PBXFileReference; lastKnownFileType = folder.assetcatalog; path = Assets.xcassets; sourceTree = "<group>"; };
		176BF0E32C9CFBC300DE2EDB /* Preview Assets.xcassets */ = {isa = PBXFileReference; lastKnownFileType = folder.assetcatalog; path = "Preview Assets.xcassets"; sourceTree = "<group>"; };
		17A439892C9EB9AF00B071CA /* MainButton.swift */ = {isa = PBXFileReference; lastKnownFileType = sourcecode.swift; path = MainButton.swift; sourceTree = "<group>"; };
		17A4398E2C9EC0A400B071CA /* LoginModel.swift */ = {isa = PBXFileReference; lastKnownFileType = sourcecode.swift; path = LoginModel.swift; sourceTree = "<group>"; };
		17A439902C9EC0B900B071CA /* LoginModelView.swift */ = {isa = PBXFileReference; lastKnownFileType = sourcecode.swift; path = LoginModelView.swift; sourceTree = "<group>"; };
		17A439922C9EC0CD00B071CA /* LoginView.swift */ = {isa = PBXFileReference; lastKnownFileType = sourcecode.swift; path = LoginView.swift; sourceTree = "<group>"; };
		17A439A62C9EE61900B071CA /* Pretendard-Black.ttf */ = {isa = PBXFileReference; lastKnownFileType = file; path = "Pretendard-Black.ttf"; sourceTree = "<group>"; };
		17A439A72C9EE61900B071CA /* Pretendard-Medium.ttf */ = {isa = PBXFileReference; lastKnownFileType = file; path = "Pretendard-Medium.ttf"; sourceTree = "<group>"; };
		17A439A82C9EE61900B071CA /* Pretendard-SemiBold.ttf */ = {isa = PBXFileReference; lastKnownFileType = file; path = "Pretendard-SemiBold.ttf"; sourceTree = "<group>"; };
		17A439A92C9EE61900B071CA /* Pretendard-Light.ttf */ = {isa = PBXFileReference; lastKnownFileType = file; path = "Pretendard-Light.ttf"; sourceTree = "<group>"; };
		17A439AA2C9EE61900B071CA /* Pretendard-ExtraBold.ttf */ = {isa = PBXFileReference; lastKnownFileType = file; path = "Pretendard-ExtraBold.ttf"; sourceTree = "<group>"; };
		17A439AB2C9EE61900B071CA /* Pretendard-ExtraLight.ttf */ = {isa = PBXFileReference; lastKnownFileType = file; path = "Pretendard-ExtraLight.ttf"; sourceTree = "<group>"; };
		17A439AC2C9EE61900B071CA /* Pretendard-Bold.ttf */ = {isa = PBXFileReference; lastKnownFileType = file; path = "Pretendard-Bold.ttf"; sourceTree = "<group>"; };
		17A439AD2C9EE61900B071CA /* Pretendard-Regular.ttf */ = {isa = PBXFileReference; lastKnownFileType = file; path = "Pretendard-Regular.ttf"; sourceTree = "<group>"; };
		17A439AE2C9EE61900B071CA /* Pretendard-Thin.ttf */ = {isa = PBXFileReference; lastKnownFileType = file; path = "Pretendard-Thin.ttf"; sourceTree = "<group>"; };
		17A439B82C9EE8F300B071CA /* CustomTextField.swift */ = {isa = PBXFileReference; lastKnownFileType = sourcecode.swift; path = CustomTextField.swift; sourceTree = "<group>"; };
		17A439BB2C9EF9BC00B071CA /* SignupModel.swift */ = {isa = PBXFileReference; lastKnownFileType = sourcecode.swift; path = SignupModel.swift; sourceTree = "<group>"; };
		17A439BD2C9EF9D100B071CA /* SignupModelView.swift */ = {isa = PBXFileReference; lastKnownFileType = sourcecode.swift; path = SignupModelView.swift; sourceTree = "<group>"; };
		17A439BF2C9EF9E500B071CA /* SignupView.swift */ = {isa = PBXFileReference; lastKnownFileType = sourcecode.swift; path = SignupView.swift; sourceTree = "<group>"; };
		17A77F2F2C9D49CE001E6DCC /* Info.plist */ = {isa = PBXFileReference; lastKnownFileType = text.plist.xml; path = Info.plist; sourceTree = "<group>"; };
		17BCDC072CA1B35400B761A9 /* BackButton.swift */ = {isa = PBXFileReference; lastKnownFileType = sourcecode.swift; path = BackButton.swift; sourceTree = "<group>"; };
/* End PBXFileReference section */

/* Begin PBXFrameworksBuildPhase section */
		176BF0D62C9CFBC200DE2EDB /* Frameworks */ = {
			isa = PBXFrameworksBuildPhase;
			buildActionMask = 2147483647;
			files = (
			);
			runOnlyForDeploymentPostprocessing = 0;
		};
/* End PBXFrameworksBuildPhase section */

/* Begin PBXGroup section */
		176BF0D02C9CFBC200DE2EDB = {
			isa = PBXGroup;
			children = (
				176BF0DB2C9CFBC200DE2EDB /* Photato */,
				176BF0DA2C9CFBC200DE2EDB /* Products */,
			);
			sourceTree = "<group>";
		};
		176BF0DA2C9CFBC200DE2EDB /* Products */ = {
			isa = PBXGroup;
			children = (
				176BF0D92C9CFBC200DE2EDB /* Photato.app */,
			);
			name = Products;
			sourceTree = "<group>";
		};
		176BF0DB2C9CFBC200DE2EDB /* Photato */ = {
			isa = PBXGroup;
			children = (
				176BF0DC2C9CFBC200DE2EDB /* PhotatoApp.swift */,
				176BF0DE2C9CFBC200DE2EDB /* FirstView.swift */,
				17A77F2F2C9D49CE001E6DCC /* Info.plist */,
				17BCDC062CA1B1DB00B761A9 /* Resources */,
				17A439882C9EB93400B071CA /* Components */,
				17BCDC042CA1B1A900B761A9 /* Feature */,
			);
			path = Photato;
			sourceTree = "<group>";
		};
		176BF0E22C9CFBC300DE2EDB /* Preview Content */ = {
			isa = PBXGroup;
			children = (
				176BF0E32C9CFBC300DE2EDB /* Preview Assets.xcassets */,
			);
			path = "Preview Content";
			sourceTree = "<group>";
		};
		17A439882C9EB93400B071CA /* Components */ = {
			isa = PBXGroup;
			children = (
				17A439892C9EB9AF00B071CA /* MainButton.swift */,
				17A439B82C9EE8F300B071CA /* CustomTextField.swift */,
				17BCDC072CA1B35400B761A9 /* BackButton.swift */,
			);
			path = Components;
			sourceTree = "<group>";
		};
		17A4398B2C9EC06800B071CA /* Login */ = {
			isa = PBXGroup;
			children = (
				17A4398E2C9EC0A400B071CA /* LoginModel.swift */,
				17A439902C9EC0B900B071CA /* LoginModelView.swift */,
				17A439922C9EC0CD00B071CA /* LoginView.swift */,
			);
			path = Login;
			sourceTree = "<group>";
		};
		17A439BA2C9EF2A800B071CA /* Signup */ = {
			isa = PBXGroup;
			children = (
				17A439BB2C9EF9BC00B071CA /* SignupModel.swift */,
				17A439BD2C9EF9D100B071CA /* SignupModelView.swift */,
				17A439BF2C9EF9E500B071CA /* SignupView.swift */,
			);
			path = Signup;
			sourceTree = "<group>";
		};
		17A77F1C2C9D4880001E6DCC /* Font */ = {
			isa = PBXGroup;
			children = (
				17A439A62C9EE61900B071CA /* Pretendard-Black.ttf */,
				17A439AC2C9EE61900B071CA /* Pretendard-Bold.ttf */,
				17A439AA2C9EE61900B071CA /* Pretendard-ExtraBold.ttf */,
				17A439AB2C9EE61900B071CA /* Pretendard-ExtraLight.ttf */,
				17A439A92C9EE61900B071CA /* Pretendard-Light.ttf */,
				17A439A72C9EE61900B071CA /* Pretendard-Medium.ttf */,
				17A439AD2C9EE61900B071CA /* Pretendard-Regular.ttf */,
				17A439A82C9EE61900B071CA /* Pretendard-SemiBold.ttf */,
				17A439AE2C9EE61900B071CA /* Pretendard-Thin.ttf */,
			);
			path = Font;
			sourceTree = "<group>";
		};
		17BCDC042CA1B1A900B761A9 /* Feature */ = {
			isa = PBXGroup;
			children = (
				17BCDC052CA1B1BC00B761A9 /* Auth */,
			);
			path = Feature;
			sourceTree = "<group>";
		};
		17BCDC052CA1B1BC00B761A9 /* Auth */ = {
			isa = PBXGroup;
			children = (
				17A4398B2C9EC06800B071CA /* Login */,
				17A439BA2C9EF2A800B071CA /* Signup */,
			);
			path = Auth;
			sourceTree = "<group>";
		};
		17BCDC062CA1B1DB00B761A9 /* Resources */ = {
			isa = PBXGroup;
			children = (
				176BF0E02C9CFBC300DE2EDB /* Assets.xcassets */,
				17A77F1C2C9D4880001E6DCC /* Font */,
				176BF0E22C9CFBC300DE2EDB /* Preview Content */,
			);
			path = Resources;
			sourceTree = "<group>";
		};
/* End PBXGroup section */

/* Begin PBXNativeTarget section */
		176BF0D82C9CFBC200DE2EDB /* Photato */ = {
			isa = PBXNativeTarget;
			buildConfigurationList = 176BF0E72C9CFBC300DE2EDB /* Build configuration list for PBXNativeTarget "Photato" */;
			buildPhases = (
				176BF0D52C9CFBC200DE2EDB /* Sources */,
				176BF0D62C9CFBC200DE2EDB /* Frameworks */,
				176BF0D72C9CFBC200DE2EDB /* Resources */,
			);
			buildRules = (
			);
			dependencies = (
			);
			name = Photato;
			productName = Photato;
			productReference = 176BF0D92C9CFBC200DE2EDB /* Photato.app */;
			productType = "com.apple.product-type.application";
		};
/* End PBXNativeTarget section */

/* Begin PBXProject section */
		176BF0D12C9CFBC200DE2EDB /* Project object */ = {
			isa = PBXProject;
			attributes = {
				BuildIndependentTargetsInParallel = 1;
				LastSwiftUpdateCheck = 1530;
				LastUpgradeCheck = 1530;
				TargetAttributes = {
					176BF0D82C9CFBC200DE2EDB = {
						CreatedOnToolsVersion = 15.3;
					};
				};
			};
			buildConfigurationList = 176BF0D42C9CFBC200DE2EDB /* Build configuration list for PBXProject "Photato" */;
			compatibilityVersion = "Xcode 14.0";
			developmentRegion = en;
			hasScannedForEncodings = 0;
			knownRegions = (
				en,
				Base,
			);
			mainGroup = 176BF0D02C9CFBC200DE2EDB;
			productRefGroup = 176BF0DA2C9CFBC200DE2EDB /* Products */;
			projectDirPath = "";
			projectRoot = "";
			targets = (
				176BF0D82C9CFBC200DE2EDB /* Photato */,
			);
		};
/* End PBXProject section */

/* Begin PBXResourcesBuildPhase section */
		176BF0D72C9CFBC200DE2EDB /* Resources */ = {
			isa = PBXResourcesBuildPhase;
			buildActionMask = 2147483647;
			files = (
				17A439B32C9EE61900B071CA /* Pretendard-ExtraBold.ttf in Resources */,
				17A439B22C9EE61900B071CA /* Pretendard-Light.ttf in Resources */,
				17A439B62C9EE61900B071CA /* Pretendard-Regular.ttf in Resources */,
				17A439B02C9EE61900B071CA /* Pretendard-Medium.ttf in Resources */,
				176BF0E42C9CFBC300DE2EDB /* Preview Assets.xcassets in Resources */,
				17A439B52C9EE61900B071CA /* Pretendard-Bold.ttf in Resources */,
				17A439B12C9EE61900B071CA /* Pretendard-SemiBold.ttf in Resources */,
				176BF0E12C9CFBC300DE2EDB /* Assets.xcassets in Resources */,
				17A439B72C9EE61900B071CA /* Pretendard-Thin.ttf in Resources */,
				17A439AF2C9EE61900B071CA /* Pretendard-Black.ttf in Resources */,
				17A439B42C9EE61900B071CA /* Pretendard-ExtraLight.ttf in Resources */,
			);
			runOnlyForDeploymentPostprocessing = 0;
		};
/* End PBXResourcesBuildPhase section */

/* Begin PBXSourcesBuildPhase section */
		176BF0D52C9CFBC200DE2EDB /* Sources */ = {
			isa = PBXSourcesBuildPhase;
			buildActionMask = 2147483647;
			files = (
				17A439B92C9EE8F300B071CA /* CustomTextField.swift in Sources */,
				17A439BE2C9EF9D100B071CA /* SignupModelView.swift in Sources */,
				17BCDC082CA1B35400B761A9 /* BackButton.swift in Sources */,
				17A439932C9EC0CD00B071CA /* LoginView.swift in Sources */,
				176BF0DF2C9CFBC200DE2EDB /* FirstView.swift in Sources */,
				17A439C02C9EF9E500B071CA /* SignupView.swift in Sources */,
				17A439BC2C9EF9BC00B071CA /* SignupModel.swift in Sources */,
				17A4398F2C9EC0A400B071CA /* LoginModel.swift in Sources */,
				17A4398A2C9EB9AF00B071CA /* MainButton.swift in Sources */,
				176BF0DD2C9CFBC200DE2EDB /* PhotatoApp.swift in Sources */,
				17A439912C9EC0B900B071CA /* LoginModelView.swift in Sources */,
			);
			runOnlyForDeploymentPostprocessing = 0;
		};
/* End PBXSourcesBuildPhase section */

/* Begin XCBuildConfiguration section */
		176BF0E52C9CFBC300DE2EDB /* Debug */ = {
			isa = XCBuildConfiguration;
			buildSettings = {
				ALWAYS_SEARCH_USER_PATHS = NO;
				ASSETCATALOG_COMPILER_GENERATE_SWIFT_ASSET_SYMBOL_EXTENSIONS = YES;
				CLANG_ANALYZER_NONNULL = YES;
				CLANG_ANALYZER_NUMBER_OBJECT_CONVERSION = YES_AGGRESSIVE;
				CLANG_CXX_LANGUAGE_STANDARD = "gnu++20";
				CLANG_ENABLE_MODULES = YES;
				CLANG_ENABLE_OBJC_ARC = YES;
				CLANG_ENABLE_OBJC_WEAK = YES;
				CLANG_WARN_BLOCK_CAPTURE_AUTORELEASING = YES;
				CLANG_WARN_BOOL_CONVERSION = YES;
				CLANG_WARN_COMMA = YES;
				CLANG_WARN_CONSTANT_CONVERSION = YES;
				CLANG_WARN_DEPRECATED_OBJC_IMPLEMENTATIONS = YES;
				CLANG_WARN_DIRECT_OBJC_ISA_USAGE = YES_ERROR;
				CLANG_WARN_DOCUMENTATION_COMMENTS = YES;
				CLANG_WARN_EMPTY_BODY = YES;
				CLANG_WARN_ENUM_CONVERSION = YES;
				CLANG_WARN_INFINITE_RECURSION = YES;
				CLANG_WARN_INT_CONVERSION = YES;
				CLANG_WARN_NON_LITERAL_NULL_CONVERSION = YES;
				CLANG_WARN_OBJC_IMPLICIT_RETAIN_SELF = YES;
				CLANG_WARN_OBJC_LITERAL_CONVERSION = YES;
				CLANG_WARN_OBJC_ROOT_CLASS = YES_ERROR;
				CLANG_WARN_QUOTED_INCLUDE_IN_FRAMEWORK_HEADER = YES;
				CLANG_WARN_RANGE_LOOP_ANALYSIS = YES;
				CLANG_WARN_STRICT_PROTOTYPES = YES;
				CLANG_WARN_SUSPICIOUS_MOVE = YES;
				CLANG_WARN_UNGUARDED_AVAILABILITY = YES_AGGRESSIVE;
				CLANG_WARN_UNREACHABLE_CODE = YES;
				CLANG_WARN__DUPLICATE_METHOD_MATCH = YES;
				COPY_PHASE_STRIP = NO;
				DEBUG_INFORMATION_FORMAT = dwarf;
				ENABLE_STRICT_OBJC_MSGSEND = YES;
				ENABLE_TESTABILITY = YES;
				ENABLE_USER_SCRIPT_SANDBOXING = YES;
				GCC_C_LANGUAGE_STANDARD = gnu17;
				GCC_DYNAMIC_NO_PIC = NO;
				GCC_NO_COMMON_BLOCKS = YES;
				GCC_OPTIMIZATION_LEVEL = 0;
				GCC_PREPROCESSOR_DEFINITIONS = (
					"DEBUG=1",
					"$(inherited)",
				);
				GCC_WARN_64_TO_32_BIT_CONVERSION = YES;
				GCC_WARN_ABOUT_RETURN_TYPE = YES_ERROR;
				GCC_WARN_UNDECLARED_SELECTOR = YES;
				GCC_WARN_UNINITIALIZED_AUTOS = YES_AGGRESSIVE;
				GCC_WARN_UNUSED_FUNCTION = YES;
				GCC_WARN_UNUSED_VARIABLE = YES;
				IPHONEOS_DEPLOYMENT_TARGET = 16.0;
				LOCALIZATION_PREFERS_STRING_CATALOGS = YES;
				MTL_ENABLE_DEBUG_INFO = INCLUDE_SOURCE;
				MTL_FAST_MATH = YES;
				ONLY_ACTIVE_ARCH = YES;
				SDKROOT = iphoneos;
				SWIFT_ACTIVE_COMPILATION_CONDITIONS = "DEBUG $(inherited)";
				SWIFT_OPTIMIZATION_LEVEL = "-Onone";
			};
			name = Debug;
		};
		176BF0E62C9CFBC300DE2EDB /* Release */ = {
			isa = XCBuildConfiguration;
			buildSettings = {
				ALWAYS_SEARCH_USER_PATHS = NO;
				ASSETCATALOG_COMPILER_GENERATE_SWIFT_ASSET_SYMBOL_EXTENSIONS = YES;
				CLANG_ANALYZER_NONNULL = YES;
				CLANG_ANALYZER_NUMBER_OBJECT_CONVERSION = YES_AGGRESSIVE;
				CLANG_CXX_LANGUAGE_STANDARD = "gnu++20";
				CLANG_ENABLE_MODULES = YES;
				CLANG_ENABLE_OBJC_ARC = YES;
				CLANG_ENABLE_OBJC_WEAK = YES;
				CLANG_WARN_BLOCK_CAPTURE_AUTORELEASING = YES;
				CLANG_WARN_BOOL_CONVERSION = YES;
				CLANG_WARN_COMMA = YES;
				CLANG_WARN_CONSTANT_CONVERSION = YES;
				CLANG_WARN_DEPRECATED_OBJC_IMPLEMENTATIONS = YES;
				CLANG_WARN_DIRECT_OBJC_ISA_USAGE = YES_ERROR;
				CLANG_WARN_DOCUMENTATION_COMMENTS = YES;
				CLANG_WARN_EMPTY_BODY = YES;
				CLANG_WARN_ENUM_CONVERSION = YES;
				CLANG_WARN_INFINITE_RECURSION = YES;
				CLANG_WARN_INT_CONVERSION = YES;
				CLANG_WARN_NON_LITERAL_NULL_CONVERSION = YES;
				CLANG_WARN_OBJC_IMPLICIT_RETAIN_SELF = YES;
				CLANG_WARN_OBJC_LITERAL_CONVERSION = YES;
				CLANG_WARN_OBJC_ROOT_CLASS = YES_ERROR;
				CLANG_WARN_QUOTED_INCLUDE_IN_FRAMEWORK_HEADER = YES;
				CLANG_WARN_RANGE_LOOP_ANALYSIS = YES;
				CLANG_WARN_STRICT_PROTOTYPES = YES;
				CLANG_WARN_SUSPICIOUS_MOVE = YES;
				CLANG_WARN_UNGUARDED_AVAILABILITY = YES_AGGRESSIVE;
				CLANG_WARN_UNREACHABLE_CODE = YES;
				CLANG_WARN__DUPLICATE_METHOD_MATCH = YES;
				COPY_PHASE_STRIP = NO;
				DEBUG_INFORMATION_FORMAT = "dwarf-with-dsym";
				ENABLE_NS_ASSERTIONS = NO;
				ENABLE_STRICT_OBJC_MSGSEND = YES;
				ENABLE_USER_SCRIPT_SANDBOXING = YES;
				GCC_C_LANGUAGE_STANDARD = gnu17;
				GCC_NO_COMMON_BLOCKS = YES;
				GCC_WARN_64_TO_32_BIT_CONVERSION = YES;
				GCC_WARN_ABOUT_RETURN_TYPE = YES_ERROR;
				GCC_WARN_UNDECLARED_SELECTOR = YES;
				GCC_WARN_UNINITIALIZED_AUTOS = YES_AGGRESSIVE;
				GCC_WARN_UNUSED_FUNCTION = YES;
				GCC_WARN_UNUSED_VARIABLE = YES;
				IPHONEOS_DEPLOYMENT_TARGET = 16.0;
				LOCALIZATION_PREFERS_STRING_CATALOGS = YES;
				MTL_ENABLE_DEBUG_INFO = NO;
				MTL_FAST_MATH = YES;
				SDKROOT = iphoneos;
				SWIFT_COMPILATION_MODE = wholemodule;
				VALIDATE_PRODUCT = YES;
			};
			name = Release;
		};
		176BF0E82C9CFBC300DE2EDB /* Debug */ = {
			isa = XCBuildConfiguration;
			buildSettings = {
				ASSETCATALOG_COMPILER_APPICON_NAME = AppIcon;
				ASSETCATALOG_COMPILER_GLOBAL_ACCENT_COLOR_NAME = AccentColor;
				CODE_SIGN_STYLE = Automatic;
				CURRENT_PROJECT_VERSION = 1;
				DEVELOPMENT_ASSET_PATHS = "\"Photato/Resources/Preview Content\"";
				DEVELOPMENT_TEAM = C4S7HKU287;
				ENABLE_PREVIEWS = YES;
				GENERATE_INFOPLIST_FILE = YES;
				INFOPLIST_FILE = Photato/Info.plist;
				INFOPLIST_KEY_UIApplicationSceneManifest_Generation = YES;
				INFOPLIST_KEY_UIApplicationSupportsIndirectInputEvents = YES;
				INFOPLIST_KEY_UILaunchScreen_Generation = YES;
				INFOPLIST_KEY_UISupportedInterfaceOrientations_iPad = "UIInterfaceOrientationPortrait UIInterfaceOrientationPortraitUpsideDown UIInterfaceOrientationLandscapeLeft UIInterfaceOrientationLandscapeRight";
				INFOPLIST_KEY_UISupportedInterfaceOrientations_iPhone = "UIInterfaceOrientationPortrait UIInterfaceOrientationLandscapeLeft UIInterfaceOrientationLandscapeRight";
				LD_RUNPATH_SEARCH_PATHS = (
					"$(inherited)",
					"@executable_path/Frameworks",
				);
				MARKETING_VERSION = 1.0;
				PRODUCT_BUNDLE_IDENTIFIER = kr.hs.dgsw.Photato;
				PRODUCT_NAME = "$(TARGET_NAME)";
				SWIFT_EMIT_LOC_STRINGS = YES;
				SWIFT_VERSION = 5.0;
				TARGETED_DEVICE_FAMILY = "1,2";
			};
			name = Debug;
		};
		176BF0E92C9CFBC300DE2EDB /* Release */ = {
			isa = XCBuildConfiguration;
			buildSettings = {
				ASSETCATALOG_COMPILER_APPICON_NAME = AppIcon;
				ASSETCATALOG_COMPILER_GLOBAL_ACCENT_COLOR_NAME = AccentColor;
				CODE_SIGN_STYLE = Automatic;
				CURRENT_PROJECT_VERSION = 1;
				DEVELOPMENT_ASSET_PATHS = "\"Photato/Resources/Preview Content\"";
				DEVELOPMENT_TEAM = C4S7HKU287;
				ENABLE_PREVIEWS = YES;
				GENERATE_INFOPLIST_FILE = YES;
				INFOPLIST_FILE = Photato/Info.plist;
				INFOPLIST_KEY_UIApplicationSceneManifest_Generation = YES;
				INFOPLIST_KEY_UIApplicationSupportsIndirectInputEvents = YES;
				INFOPLIST_KEY_UILaunchScreen_Generation = YES;
				INFOPLIST_KEY_UISupportedInterfaceOrientations_iPad = "UIInterfaceOrientationPortrait UIInterfaceOrientationPortraitUpsideDown UIInterfaceOrientationLandscapeLeft UIInterfaceOrientationLandscapeRight";
				INFOPLIST_KEY_UISupportedInterfaceOrientations_iPhone = "UIInterfaceOrientationPortrait UIInterfaceOrientationLandscapeLeft UIInterfaceOrientationLandscapeRight";
				LD_RUNPATH_SEARCH_PATHS = (
					"$(inherited)",
					"@executable_path/Frameworks",
				);
				MARKETING_VERSION = 1.0;
				PRODUCT_BUNDLE_IDENTIFIER = kr.hs.dgsw.Photato;
				PRODUCT_NAME = "$(TARGET_NAME)";
				SWIFT_EMIT_LOC_STRINGS = YES;
				SWIFT_VERSION = 5.0;
				TARGETED_DEVICE_FAMILY = "1,2";
			};
			name = Release;
		};
/* End XCBuildConfiguration section */

/* Begin XCConfigurationList section */
		176BF0D42C9CFBC200DE2EDB /* Build configuration list for PBXProject "Photato" */ = {
			isa = XCConfigurationList;
			buildConfigurations = (
				176BF0E52C9CFBC300DE2EDB /* Debug */,
				176BF0E62C9CFBC300DE2EDB /* Release */,
			);
			defaultConfigurationIsVisible = 0;
			defaultConfigurationName = Release;
		};
		176BF0E72C9CFBC300DE2EDB /* Build configuration list for PBXNativeTarget "Photato" */ = {
			isa = XCConfigurationList;
			buildConfigurations = (
				176BF0E82C9CFBC300DE2EDB /* Debug */,
				176BF0E92C9CFBC300DE2EDB /* Release */,
			);
			defaultConfigurationIsVisible = 0;
			defaultConfigurationName = Release;
		};
/* End XCConfigurationList section */
	};
	rootObject = 176BF0D12C9CFBC200DE2EDB /* Project object */;
}
